# THIS IS AN AUTOGENERATED FILE. DO NOT EDIT THIS FILE DIRECTLY.
# yarn lockfile v1


angular@^1.6.4:
  version "1.6.4"
  resolved "https://registry.yarnpkg.com/angular/-/angular-1.6.4.tgz#03b7b15c01a0802d7e2cf593240e604054dc77fb"

croppie@^2.4.1:
  version "2.4.1"
  resolved "https://registry.yarnpkg.com/croppie/-/croppie-2.4.1.tgz#f5d541bebdab93c547c1097efb8d3c6d08a8d828"
